
Microsoft Visual Studio Solution File, Format Version 12.00
# Visual Studio Version 17
VisualStudioVersion = 17.8.34316.72
MinimumVisualStudioVersion = 10.0.40219.1
Project("{FAE04EC0-301F-11D3-BF4B-00C04F79EFBC}") = "Task1", "Task1\Task1.csproj", "{5B334E43-D55D-41E6-A3BA-C358B4D60EC2}"
EndProject
Global
	GlobalSection(SolutionConfigurationPlatforms) = preSolution
		Debug|Any CPU = Debug|Any CPU
		Release|Any CPU = Release|Any CPU
	EndGlobalSection
	GlobalSection(ProjectConfigurationPlatforms) = postSolution
		{5B334E43-D55D-41E6-A3BA-C358B4D60EC2}.Debug|Any CPU.ActiveCfg = Debug|Any CPU
		{5B334E43-D55D-41E6-A3BA-C358B4D60EC2}.Debug|Any CPU.Build.0 = Debug|Any CPU
		{5B334E43-D55D-41E6-A3BA-C358B4D60EC2}.Release|Any CPU.ActiveCfg = Release|Any CPU
		{5B334E43-D55D-41E6-A3BA-C358B4D60EC2}.Release|Any CPU.Build.0 = Release|Any CPU
	EndGlobalSection
	GlobalSection(SolutionProperties) = preSolution
		HideSolutionNode = FALSE
	EndGlobalSection
	GlobalSection(ExtensibilityGlobals) = postSolution
		SolutionGuid = {A35157FF-77E6-49BB-88F2-134206F7E1EC}
	EndGlobalSection
EndGlobal
