
Microsoft Visual Studio Solution File, Format Version 12.00
# Visual Studio Version 17
VisualStudioVersion = 17.9.34728.123
MinimumVisualStudioVersion = 10.0.40219.1
Project("{FAE04EC0-301F-11D3-BF4B-00C04F79EFBC}") = "TA 2lb", "TA 2lb\TA 2lb.csproj", "{16DCFFC8-705D-40EA-AE04-AE9F12A73B62}"
EndProject
Global
	GlobalSection(SolutionConfigurationPlatforms) = preSolution
		Debug|Any CPU = Debug|Any CPU
		Release|Any CPU = Release|Any CPU
	EndGlobalSection
	GlobalSection(ProjectConfigurationPlatforms) = postSolution
		{16DCFFC8-705D-40EA-AE04-AE9F12A73B62}.Debug|Any CPU.ActiveCfg = Debug|Any CPU
		{16DCFFC8-705D-40EA-AE04-AE9F12A73B62}.Debug|Any CPU.Build.0 = Debug|Any CPU
		{16DCFFC8-705D-40EA-AE04-AE9F12A73B62}.Release|Any CPU.ActiveCfg = Release|Any CPU
		{16DCFFC8-705D-40EA-AE04-AE9F12A73B62}.Release|Any CPU.Build.0 = Release|Any CPU
	EndGlobalSection
	GlobalSection(SolutionProperties) = preSolution
		HideSolutionNode = FALSE
	EndGlobalSection
	GlobalSection(ExtensibilityGlobals) = postSolution
		SolutionGuid = {42816080-CC03-4CD9-8769-68C853100630}
	EndGlobalSection
EndGlobal
