
Microsoft Visual Studio Solution File, Format Version 12.00
# Visual Studio Version 17
VisualStudioVersion = 17.9.34728.123
MinimumVisualStudioVersion = 10.0.40219.1
Project("{FAE04EC0-301F-11D3-BF4B-00C04F79EFBC}") = "WpfApp1", "WpfApp1\WpfApp1.csproj", "{F2470197-DF37-445D-A101-1B62BB500038}"
EndProject
Global
	GlobalSection(SolutionConfigurationPlatforms) = preSolution
		Debug|Any CPU = Debug|Any CPU
		Release|Any CPU = Release|Any CPU
	EndGlobalSection
	GlobalSection(ProjectConfigurationPlatforms) = postSolution
		{F2470197-DF37-445D-A101-1B62BB500038}.Debug|Any CPU.ActiveCfg = Debug|Any CPU
		{F2470197-DF37-445D-A101-1B62BB500038}.Debug|Any CPU.Build.0 = Debug|Any CPU
		{F2470197-DF37-445D-A101-1B62BB500038}.Release|Any CPU.ActiveCfg = Release|Any CPU
		{F2470197-DF37-445D-A101-1B62BB500038}.Release|Any CPU.Build.0 = Release|Any CPU
	EndGlobalSection
	GlobalSection(SolutionProperties) = preSolution
		HideSolutionNode = FALSE
	EndGlobalSection
	GlobalSection(ExtensibilityGlobals) = postSolution
		SolutionGuid = {DEB9065D-8E34-4FCF-8FD3-8F5EBCA93637}
	EndGlobalSection
EndGlobal
