
Microsoft Visual Studio Solution File, Format Version 12.00
# Visual Studio Version 17
VisualStudioVersion = 17.9.34728.123
MinimumVisualStudioVersion = 10.0.40219.1
Project("{FAE04EC0-301F-11D3-BF4B-00C04F79EFBC}") = "7 вариант с навбаром фулл", "7 вариант с навбаром фулл\7 вариант с навбаром фулл.csproj", "{C62B5517-638B-4820-BBBF-7D6468B7907A}"
EndProject
Global
	GlobalSection(SolutionConfigurationPlatforms) = preSolution
		Debug|Any CPU = Debug|Any CPU
		Release|Any CPU = Release|Any CPU
	EndGlobalSection
	GlobalSection(ProjectConfigurationPlatforms) = postSolution
		{C62B5517-638B-4820-BBBF-7D6468B7907A}.Debug|Any CPU.ActiveCfg = Debug|Any CPU
		{C62B5517-638B-4820-BBBF-7D6468B7907A}.Debug|Any CPU.Build.0 = Debug|Any CPU
		{C62B5517-638B-4820-BBBF-7D6468B7907A}.Release|Any CPU.ActiveCfg = Release|Any CPU
		{C62B5517-638B-4820-BBBF-7D6468B7907A}.Release|Any CPU.Build.0 = Release|Any CPU
	EndGlobalSection
	GlobalSection(SolutionProperties) = preSolution
		HideSolutionNode = FALSE
	EndGlobalSection
	GlobalSection(ExtensibilityGlobals) = postSolution
		SolutionGuid = {2C5D0F6A-27AF-4671-BBBD-F16FF08E7C42}
	EndGlobalSection
EndGlobal
