
Microsoft Visual Studio Solution File, Format Version 12.00
# Visual Studio Version 17
VisualStudioVersion = 17.11.35222.181
MinimumVisualStudioVersion = 10.0.40219.1
Project("{FAE04EC0-301F-11D3-BF4B-00C04F79EFBC}") = "lb2", "lb2\lb2.csproj", "{11C4824A-0AFA-4396-B9FD-0482B400E9A4}"
EndProject
Global
	GlobalSection(SolutionConfigurationPlatforms) = preSolution
		Debug|Any CPU = Debug|Any CPU
		Release|Any CPU = Release|Any CPU
	EndGlobalSection
	GlobalSection(ProjectConfigurationPlatforms) = postSolution
		{11C4824A-0AFA-4396-B9FD-0482B400E9A4}.Debug|Any CPU.ActiveCfg = Debug|Any CPU
		{11C4824A-0AFA-4396-B9FD-0482B400E9A4}.Debug|Any CPU.Build.0 = Debug|Any CPU
		{11C4824A-0AFA-4396-B9FD-0482B400E9A4}.Release|Any CPU.ActiveCfg = Release|Any CPU
		{11C4824A-0AFA-4396-B9FD-0482B400E9A4}.Release|Any CPU.Build.0 = Release|Any CPU
	EndGlobalSection
	GlobalSection(SolutionProperties) = preSolution
		HideSolutionNode = FALSE
	EndGlobalSection
	GlobalSection(ExtensibilityGlobals) = postSolution
		SolutionGuid = {08724C6E-0621-445F-90B1-55CC15681A7B}
	EndGlobalSection
EndGlobal
