
Microsoft Visual Studio Solution File, Format Version 12.00
# Visual Studio Version 17
VisualStudioVersion = 17.8.34316.72
MinimumVisualStudioVersion = 10.0.40219.1
Project("{FAE04EC0-301F-11D3-BF4B-00C04F79EFBC}") = "stranniy paint", "stranniy paint.csproj", "{1FEF1231-8B6C-45BC-A87B-EC2A137BE55B}"
EndProject
Global
	GlobalSection(SolutionConfigurationPlatforms) = preSolution
		Debug|Any CPU = Debug|Any CPU
		Release|Any CPU = Release|Any CPU
	EndGlobalSection
	GlobalSection(ProjectConfigurationPlatforms) = postSolution
		{1FEF1231-8B6C-45BC-A87B-EC2A137BE55B}.Debug|Any CPU.ActiveCfg = Debug|Any CPU
		{1FEF1231-8B6C-45BC-A87B-EC2A137BE55B}.Debug|Any CPU.Build.0 = Debug|Any CPU
		{1FEF1231-8B6C-45BC-A87B-EC2A137BE55B}.Release|Any CPU.ActiveCfg = Release|Any CPU
		{1FEF1231-8B6C-45BC-A87B-EC2A137BE55B}.Release|Any CPU.Build.0 = Release|Any CPU
	EndGlobalSection
	GlobalSection(SolutionProperties) = preSolution
		HideSolutionNode = FALSE
	EndGlobalSection
	GlobalSection(ExtensibilityGlobals) = postSolution
		SolutionGuid = {C50B4F27-AA12-4D32-B4D8-6D93F01229BD}
	EndGlobalSection
EndGlobal
