
Microsoft Visual Studio Solution File, Format Version 12.00
# Visual Studio Version 17
VisualStudioVersion = 17.5.33627.172
MinimumVisualStudioVersion = 10.0.40219.1
Project("{FAE04EC0-301F-11D3-BF4B-00C04F79EFBC}") = "laba2", "laba2\laba2.csproj", "{7134B01B-7BE7-493F-A3D2-7872B9F6801C}"
EndProject
Global
	GlobalSection(SolutionConfigurationPlatforms) = preSolution
		Debug|Any CPU = Debug|Any CPU
		Release|Any CPU = Release|Any CPU
	EndGlobalSection
	GlobalSection(ProjectConfigurationPlatforms) = postSolution
		{7134B01B-7BE7-493F-A3D2-7872B9F6801C}.Debug|Any CPU.ActiveCfg = Debug|Any CPU
		{7134B01B-7BE7-493F-A3D2-7872B9F6801C}.Debug|Any CPU.Build.0 = Debug|Any CPU
		{7134B01B-7BE7-493F-A3D2-7872B9F6801C}.Release|Any CPU.ActiveCfg = Release|Any CPU
		{7134B01B-7BE7-493F-A3D2-7872B9F6801C}.Release|Any CPU.Build.0 = Release|Any CPU
	EndGlobalSection
	GlobalSection(SolutionProperties) = preSolution
		HideSolutionNode = FALSE
	EndGlobalSection
	GlobalSection(ExtensibilityGlobals) = postSolution
		SolutionGuid = {97782CDC-1252-4160-8FA8-9EBA99E7FAD3}
	EndGlobalSection
EndGlobal
